{
  "originHash" : "f0b011e53b081afda399cc4887b78ebd13258544805e8a44ae6d4f0d509ac4cf",
  "pins" : [
    {
      "identity" : "kingfisher",
      "kind" : "remoteSourceControl",
      "location" : "https://github.com/onevcat/Kingfisher.git",
      "state" : {
        "revision" : "e6749919f9761d573d37a7d7e78b1b854c191d7f",
        "version" : "8.1.3"
      }
    },
    {
      "identity" : "nvactivityindicatorview",
      "kind" : "remoteSourceControl",
      "location" : "https://github.com/ninjaprox/NVActivityIndicatorView.git",
      "state" : {
        "revision" : "bcb52371f2259254bac6690f92bb474a61768c47",
        "version" : "5.1.1"
      }
    },
    {
      "identity" : "spring",
      "kind" : "remoteSourceControl",
      "location" : "https://github.com/fethica/Spring.git",
      "state" : {
        "branch" : "master",
        "revision" : "63d6b2b4339606181617caddea3a988aa65bcadd"
      }
    }
  ],
  "version" : 3
}
