{
  "pins" : [
    {
      "identity" : "fradioplayer",
      "kind" : "remoteSourceControl",
      "location" : "https://github.com/fethica/FRadioPlayer.git",
      "state" : {
        "branch" : "v0.2.0",
        "revision" : "c3f472ed8cb59b442312362bca363863962c88b3"
      }
    },
    {
      "identity" : "nvactivityindicatorview",
      "kind" : "remoteSourceControl",
      "location" : "https://github.com/ninjaprox/NVActivityIndicatorView.git",
      "state" : {
        "revision" : "bcb52371f2259254bac6690f92bb474a61768c47",
        "version" : "5.1.1"
      }
    },
    {
      "identity" : "spring",
      "kind" : "remoteSourceControl",
      "location" : "https://github.com/fethica/Spring.git",
      "state" : {
        "branch" : "master",
        "revision" : "63d6b2b4339606181617caddea3a988aa65bcadd"
      }
    }
  ],
  "version" : 2
}
